
Microsoft Visual Studio Solution File, Format Version 12.00
# Visual Studio Version 17
VisualStudioVersion = 17.5.33516.290
MinimumVisualStudioVersion = 10.0.40219.1
Project("{FAE04EC0-301F-11D3-BF4B-00C04F79EFBC}") = "RL.App", "src\RL.App\RL.App.csproj", "{3E6FA07F-177D-42AA-AC50-4EA21CFFB307}"
EndProject
Project("{FAE04EC0-301F-11D3-BF4B-00C04F79EFBC}") = "RL.Business", "src\RL.Business\RL.Business.csproj", "{88D863C4-4887-4E1F-8BE3-D852D6ED8D9B}"
EndProject
Project("{FAE04EC0-301F-11D3-BF4B-00C04F79EFBC}") = "RL.Data", "src\RL.Data\RL.Data.csproj", "{C8C71E05-3B7C-427B-838D-D689076EEE62}"
EndProject
Global
	GlobalSection(SolutionConfigurationPlatforms) = preSolution
		Debug|Any CPU = Debug|Any CPU
		Release|Any CPU = Release|Any CPU
	EndGlobalSection
	GlobalSection(ProjectConfigurationPlatforms) = postSolution
		{3E6FA07F-177D-42AA-AC50-4EA21CFFB307}.Debug|Any CPU.ActiveCfg = Debug|Any CPU
		{3E6FA07F-177D-42AA-AC50-4EA21CFFB307}.Debug|Any CPU.Build.0 = Debug|Any CPU
		{3E6FA07F-177D-42AA-AC50-4EA21CFFB307}.Release|Any CPU.ActiveCfg = Release|Any CPU
		{3E6FA07F-177D-42AA-AC50-4EA21CFFB307}.Release|Any CPU.Build.0 = Release|Any CPU
		{88D863C4-4887-4E1F-8BE3-D852D6ED8D9B}.Debug|Any CPU.ActiveCfg = Debug|Any CPU
		{88D863C4-4887-4E1F-8BE3-D852D6ED8D9B}.Debug|Any CPU.Build.0 = Debug|Any CPU
		{88D863C4-4887-4E1F-8BE3-D852D6ED8D9B}.Release|Any CPU.ActiveCfg = Release|Any CPU
		{88D863C4-4887-4E1F-8BE3-D852D6ED8D9B}.Release|Any CPU.Build.0 = Release|Any CPU
		{C8C71E05-3B7C-427B-838D-D689076EEE62}.Debug|Any CPU.ActiveCfg = Debug|Any CPU
		{C8C71E05-3B7C-427B-838D-D689076EEE62}.Debug|Any CPU.Build.0 = Debug|Any CPU
		{C8C71E05-3B7C-427B-838D-D689076EEE62}.Release|Any CPU.ActiveCfg = Release|Any CPU
		{C8C71E05-3B7C-427B-838D-D689076EEE62}.Release|Any CPU.Build.0 = Release|Any CPU
	EndGlobalSection
	GlobalSection(SolutionProperties) = preSolution
		HideSolutionNode = FALSE
	EndGlobalSection
	GlobalSection(ExtensibilityGlobals) = postSolution
		SolutionGuid = {FFB3004A-A0E2-4783-B1A6-D0F67B4A34B7}
	EndGlobalSection
EndGlobal
